// !$*UTF8*$!
{
	archiveVersion = 1;
	classes = {
	};
	objectVersion = 48;
	objects = {

/* Begin PBXBuildFile section */
		6732130227BF38A800C27997 /* SettingsTableViewController.swift in Sources */ = {isa = PBXBuildFile; fileRef = 6732130127BF38A800C27997 /* SettingsTableViewController.swift */; };
		673496D82786838300E95FEF /* SensitiveInfo.swift in Sources */ = {isa = PBXBuildFile; fileRef = 673496D72786838300E95FEF /* SensitiveInfo.swift */; };
		673E5B6E272B4BCB00A4689E /* DevotionsModel.swift in Sources */ = {isa = PBXBuildFile; fileRef = 673E5B6D272B4BCB00A4689E /* DevotionsModel.swift */; };
		673E969E27151C5E00EB5504 /* AppDelegate.swift in Sources */ = {isa = PBXBuildFile; fileRef = 673E969D27151C5E00EB5504 /* AppDelegate.swift */; };
		673E96A027151C5E00EB5504 /* SceneDelegate.swift in Sources */ = {isa = PBXBuildFile; fileRef = 673E969F27151C5E00EB5504 /* SceneDelegate.swift */; };
		673E96A527151C5E00EB5504 /* Main.storyboard in Resources */ = {isa = PBXBuildFile; fileRef = 673E96A327151C5E00EB5504 /* Main.storyboard */; };
		673E96A727151C6000EB5504 /* Assets.xcassets in Resources */ = {isa = PBXBuildFile; fileRef = 673E96A627151C6000EB5504 /* Assets.xcassets */; };
		673E96AA27151C6000EB5504 /* LaunchScreen.storyboard in Resources */ = {isa = PBXBuildFile; fileRef = 673E96A827151C6000EB5504 /* LaunchScreen.storyboard */; };
		673E96B227151D1800EB5504 /* GoogleService-Info.plist in Resources */ = {isa = PBXBuildFile; fileRef = 673E96B127151D1800EB5504 /* GoogleService-Info.plist */; };
		674E9ED7287639B300E12CAD /* HomeTableViewController.swift in Sources */ = {isa = PBXBuildFile; fileRef = 674E9ED6287639B300E12CAD /* HomeTableViewController.swift */; };
		674E9ED9287CFB8200E12CAD /* SelectDevTableViewController.swift in Sources */ = {isa = PBXBuildFile; fileRef = 674E9ED8287CFB8200E12CAD /* SelectDevTableViewController.swift */; };
		674E9EDB287D08A700E12CAD /* SearchTableViewController.swift in Sources */ = {isa = PBXBuildFile; fileRef = 674E9EDA287D08A700E12CAD /* SearchTableViewController.swift */; };
		674E9EDD287D0C3C00E12CAD /* SearchTableViewCell.swift in Sources */ = {isa = PBXBuildFile; fileRef = 674E9EDC287D0C3C00E12CAD /* SearchTableViewCell.swift */; };
		6750DD1C272A0559009A33B4 /* Devotions.swift in Sources */ = {isa = PBXBuildFile; fileRef = 6750DD1B272A0559009A33B4 /* Devotions.swift */; };
		6756110427682CAA004D3E66 /* Constants.swift in Sources */ = {isa = PBXBuildFile; fileRef = 6756110327682CAA004D3E66 /* Constants.swift */; };
		6756110827684B86004D3E66 /* Alert.storyboard in Resources */ = {isa = PBXBuildFile; fileRef = 6756110727684B86004D3E66 /* Alert.storyboard */; };
		6756110A27684CB5004D3E66 /* AlertViewController.swift in Sources */ = {isa = PBXBuildFile; fileRef = 6756110927684CB5004D3E66 /* AlertViewController.swift */; };
		675B36262734BA1900F762B1 /* BibleModel.swift in Sources */ = {isa = PBXBuildFile; fileRef = 675B36252734BA1900F762B1 /* BibleModel.swift */; };
		675B36282734C5C400F762B1 /* Bible.swift in Sources */ = {isa = PBXBuildFile; fileRef = 675B36272734C5C400F762B1 /* Bible.swift */; };
		677669742720FEEB0078FA0D /* WebViewController.swift in Sources */ = {isa = PBXBuildFile; fileRef = 677669732720FEEB0078FA0D /* WebViewController.swift */; };
		6776697A2720FF350078FA0D /* GiveViewController.swift in Sources */ = {isa = PBXBuildFile; fileRef = 677669792720FF350078FA0D /* GiveViewController.swift */; };
		677D6F91275D5F3F00445B5F /* VerseViewController.swift in Sources */ = {isa = PBXBuildFile; fileRef = 677D6F90275D5F3F00445B5F /* VerseViewController.swift */; };
		678B7F1D27279A8200CEAD57 /* DevotionViewController.swift in Sources */ = {isa = PBXBuildFile; fileRef = 678B7F1C27279A8200CEAD57 /* DevotionViewController.swift */; };
		67B34F6C286548820002C16D /* NSAttributedStringExt.swift in Sources */ = {isa = PBXBuildFile; fileRef = 67B34F6B286548820002C16D /* NSAttributedStringExt.swift */; };
		67B34F6E286549F10002C16D /* CopyrightViewController.swift in Sources */ = {isa = PBXBuildFile; fileRef = 67B34F6D286549F10002C16D /* CopyrightViewController.swift */; };
		67FFDF51276981D6000E3B60 /* AlertService.swift in Sources */ = {isa = PBXBuildFile; fileRef = 67FFDF50276981D6000E3B60 /* AlertService.swift */; };
		9286A9C7BD482B9010CBC3A8 /* Pods_Abiding_Above.framework in Frameworks */ = {isa = PBXBuildFile; fileRef = FB97778C75DD2A44C5B65CB0 /* Pods_Abiding_Above.framework */; };
/* End PBXBuildFile section */

/* Begin PBXFileReference section */
		0F5A1684CB40B24F0ACC78A5 /* Pods-Abiding Above.release.xcconfig */ = {isa = PBXFileReference; includeInIndex = 1; lastKnownFileType = text.xcconfig; name = "Pods-Abiding Above.release.xcconfig"; path = "Target Support Files/Pods-Abiding Above/Pods-Abiding Above.release.xcconfig"; sourceTree = "<group>"; };
		6732130127BF38A800C27997 /* SettingsTableViewController.swift */ = {isa = PBXFileReference; lastKnownFileType = sourcecode.swift; path = SettingsTableViewController.swift; sourceTree = "<group>"; };
		673496D72786838300E95FEF /* SensitiveInfo.swift */ = {isa = PBXFileReference; lastKnownFileType = sourcecode.swift; path = SensitiveInfo.swift; sourceTree = "<group>"; };
		673E5B6D272B4BCB00A4689E /* DevotionsModel.swift */ = {isa = PBXFileReference; lastKnownFileType = sourcecode.swift; path = DevotionsModel.swift; sourceTree = "<group>"; };
		673E969A27151C5E00EB5504 /* Abiding Above.app */ = {isa = PBXFileReference; explicitFileType = wrapper.application; includeInIndex = 0; path = "Abiding Above.app"; sourceTree = BUILT_PRODUCTS_DIR; };
		673E969D27151C5E00EB5504 /* AppDelegate.swift */ = {isa = PBXFileReference; lastKnownFileType = sourcecode.swift; path = AppDelegate.swift; sourceTree = "<group>"; };
		673E969F27151C5E00EB5504 /* SceneDelegate.swift */ = {isa = PBXFileReference; lastKnownFileType = sourcecode.swift; path = SceneDelegate.swift; sourceTree = "<group>"; };
		673E96A427151C5E00EB5504 /* Base */ = {isa = PBXFileReference; lastKnownFileType = file.storyboard; name = Base; path = Base.lproj/Main.storyboard; sourceTree = "<group>"; };
		673E96A627151C6000EB5504 /* Assets.xcassets */ = {isa = PBXFileReference; lastKnownFileType = folder.assetcatalog; path = Assets.xcassets; sourceTree = "<group>"; };
		673E96A927151C6000EB5504 /* Base */ = {isa = PBXFileReference; lastKnownFileType = file.storyboard; name = Base; path = Base.lproj/LaunchScreen.storyboard; sourceTree = "<group>"; };
		673E96AB27151C6000EB5504 /* Info.plist */ = {isa = PBXFileReference; lastKnownFileType = text.plist.xml; path = Info.plist; sourceTree = "<group>"; };
		673E96B127151D1800EB5504 /* GoogleService-Info.plist */ = {isa = PBXFileReference; fileEncoding = 4; lastKnownFileType = text.plist.xml; path = "GoogleService-Info.plist"; sourceTree = "<group>"; };
		674E9ED6287639B300E12CAD /* HomeTableViewController.swift */ = {isa = PBXFileReference; lastKnownFileType = sourcecode.swift; path = HomeTableViewController.swift; sourceTree = "<group>"; };
		674E9ED8287CFB8200E12CAD /* SelectDevTableViewController.swift */ = {isa = PBXFileReference; lastKnownFileType = sourcecode.swift; path = SelectDevTableViewController.swift; sourceTree = "<group>"; };
		674E9EDA287D08A700E12CAD /* SearchTableViewController.swift */ = {isa = PBXFileReference; lastKnownFileType = sourcecode.swift; path = SearchTableViewController.swift; sourceTree = "<group>"; };
		674E9EDC287D0C3C00E12CAD /* SearchTableViewCell.swift */ = {isa = PBXFileReference; lastKnownFileType = sourcecode.swift; path = SearchTableViewCell.swift; sourceTree = "<group>"; };
		6750DD1B272A0559009A33B4 /* Devotions.swift */ = {isa = PBXFileReference; lastKnownFileType = sourcecode.swift; path = Devotions.swift; sourceTree = "<group>"; };
		6756110327682CAA004D3E66 /* Constants.swift */ = {isa = PBXFileReference; lastKnownFileType = sourcecode.swift; path = Constants.swift; sourceTree = "<group>"; };
		6756110727684B86004D3E66 /* Alert.storyboard */ = {isa = PBXFileReference; lastKnownFileType = file.storyboard; path = Alert.storyboard; sourceTree = "<group>"; };
		6756110927684CB5004D3E66 /* AlertViewController.swift */ = {isa = PBXFileReference; lastKnownFileType = sourcecode.swift; path = AlertViewController.swift; sourceTree = "<group>"; };
		675B36252734BA1900F762B1 /* BibleModel.swift */ = {isa = PBXFileReference; lastKnownFileType = sourcecode.swift; path = BibleModel.swift; sourceTree = "<group>"; };
		675B36272734C5C400F762B1 /* Bible.swift */ = {isa = PBXFileReference; lastKnownFileType = sourcecode.swift; path = Bible.swift; sourceTree = "<group>"; };
		677669732720FEEB0078FA0D /* WebViewController.swift */ = {isa = PBXFileReference; lastKnownFileType = sourcecode.swift; path = WebViewController.swift; sourceTree = "<group>"; };
		677669792720FF350078FA0D /* GiveViewController.swift */ = {isa = PBXFileReference; lastKnownFileType = sourcecode.swift; path = GiveViewController.swift; sourceTree = "<group>"; };
		677D6F90275D5F3F00445B5F /* VerseViewController.swift */ = {isa = PBXFileReference; lastKnownFileType = sourcecode.swift; path = VerseViewController.swift; sourceTree = "<group>"; };
		678B7F1C27279A8200CEAD57 /* DevotionViewController.swift */ = {isa = PBXFileReference; lastKnownFileType = sourcecode.swift; path = DevotionViewController.swift; sourceTree = "<group>"; };
		67B34F6B286548820002C16D /* NSAttributedStringExt.swift */ = {isa = PBXFileReference; lastKnownFileType = sourcecode.swift; path = NSAttributedStringExt.swift; sourceTree = "<group>"; };
		67B34F6D286549F10002C16D /* CopyrightViewController.swift */ = {isa = PBXFileReference; lastKnownFileType = sourcecode.swift; path = CopyrightViewController.swift; sourceTree = "<group>"; };
		67FFDF50276981D6000E3B60 /* AlertService.swift */ = {isa = PBXFileReference; lastKnownFileType = sourcecode.swift; path = AlertService.swift; sourceTree = "<group>"; };
		FA2D8A799780C3A3F108802C /* Pods-Abiding Above.debug.xcconfig */ = {isa = PBXFileReference; includeInIndex = 1; lastKnownFileType = text.xcconfig; name = "Pods-Abiding Above.debug.xcconfig"; path = "Target Support Files/Pods-Abiding Above/Pods-Abiding Above.debug.xcconfig"; sourceTree = "<group>"; };
		FB97778C75DD2A44C5B65CB0 /* Pods_Abiding_Above.framework */ = {isa = PBXFileReference; explicitFileType = wrapper.framework; includeInIndex = 0; path = Pods_Abiding_Above.framework; sourceTree = BUILT_PRODUCTS_DIR; };
/* End PBXFileReference section */

/* Begin PBXFrameworksBuildPhase section */
		673E969727151C5E00EB5504 /* Frameworks */ = {
			isa = PBXFrameworksBuildPhase;
			buildActionMask = 2147483647;
			files = (
				9286A9C7BD482B9010CBC3A8 /* Pods_Abiding_Above.framework in Frameworks */,
			);
			runOnlyForDeploymentPostprocessing = 0;
		};
/* End PBXFrameworksBuildPhase section */

/* Begin PBXGroup section */
		673E969127151C5E00EB5504 = {
			isa = PBXGroup;
			children = (
				673E969C27151C5E00EB5504 /* Abiding Above */,
				673E969B27151C5E00EB5504 /* Products */,
				958457A564A6A55D7389263B /* Pods */,
				8B4CF5474B256180E396F164 /* Frameworks */,
			);
			sourceTree = "<group>";
		};
		673E969B27151C5E00EB5504 /* Products */ = {
			isa = PBXGroup;
			children = (
				673E969A27151C5E00EB5504 /* Abiding Above.app */,
			);
			name = Products;
			sourceTree = "<group>";
		};
		673E969C27151C5E00EB5504 /* Abiding Above */ = {
			isa = PBXGroup;
			children = (
				673E969D27151C5E00EB5504 /* AppDelegate.swift */,
				673E969F27151C5E00EB5504 /* SceneDelegate.swift */,
				67B34F6B286548820002C16D /* NSAttributedStringExt.swift */,
				677669702720FE820078FA0D /* Models */,
				6776696E2720FE5C0078FA0D /* View */,
				6776696F2720FE640078FA0D /* Controllers */,
				673E96A627151C6000EB5504 /* Assets.xcassets */,
				673E96A827151C6000EB5504 /* LaunchScreen.storyboard */,
				673E96AB27151C6000EB5504 /* Info.plist */,
				673E96B127151D1800EB5504 /* GoogleService-Info.plist */,
				6756110327682CAA004D3E66 /* Constants.swift */,
				673496D72786838300E95FEF /* SensitiveInfo.swift */,
			);
			path = "Abiding Above";
			sourceTree = "<group>";
		};
		6776696E2720FE5C0078FA0D /* View */ = {
			isa = PBXGroup;
			children = (
				673E96A327151C5E00EB5504 /* Main.storyboard */,
				6756110727684B86004D3E66 /* Alert.storyboard */,
				674E9EDC287D0C3C00E12CAD /* SearchTableViewCell.swift */,
			);
			path = View;
			sourceTree = "<group>";
		};
		6776696F2720FE640078FA0D /* Controllers */ = {
			isa = PBXGroup;
			children = (
				674E9ED6287639B300E12CAD /* HomeTableViewController.swift */,
				674E9ED8287CFB8200E12CAD /* SelectDevTableViewController.swift */,
				674E9EDA287D08A700E12CAD /* SearchTableViewController.swift */,
				677669732720FEEB0078FA0D /* WebViewController.swift */,
				677669792720FF350078FA0D /* GiveViewController.swift */,
				678B7F1C27279A8200CEAD57 /* DevotionViewController.swift */,
				677D6F90275D5F3F00445B5F /* VerseViewController.swift */,
				6756110927684CB5004D3E66 /* AlertViewController.swift */,
				6732130127BF38A800C27997 /* SettingsTableViewController.swift */,
				67B34F6D286549F10002C16D /* CopyrightViewController.swift */,
			);
			path = Controllers;
			sourceTree = "<group>";
		};
		677669702720FE820078FA0D /* Models */ = {
			isa = PBXGroup;
			children = (
				6750DD1B272A0559009A33B4 /* Devotions.swift */,
				673E5B6D272B4BCB00A4689E /* DevotionsModel.swift */,
				675B36252734BA1900F762B1 /* BibleModel.swift */,
				675B36272734C5C400F762B1 /* Bible.swift */,
				67FFDF50276981D6000E3B60 /* AlertService.swift */,
			);
			path = Models;
			sourceTree = "<group>";
		};
		8B4CF5474B256180E396F164 /* Frameworks */ = {
			isa = PBXGroup;
			children = (
				FB97778C75DD2A44C5B65CB0 /* Pods_Abiding_Above.framework */,
			);
			name = Frameworks;
			sourceTree = "<group>";
		};
		958457A564A6A55D7389263B /* Pods */ = {
			isa = PBXGroup;
			children = (
				FA2D8A799780C3A3F108802C /* Pods-Abiding Above.debug.xcconfig */,
				0F5A1684CB40B24F0ACC78A5 /* Pods-Abiding Above.release.xcconfig */,
			);
			path = Pods;
			sourceTree = "<group>";
		};
/* End PBXGroup section */

/* Begin PBXNativeTarget section */
		673E969927151C5E00EB5504 /* Abiding Above */ = {
			isa = PBXNativeTarget;
			buildConfigurationList = 673E96AE27151C6000EB5504 /* Build configuration list for PBXNativeTarget "Abiding Above" */;
			buildPhases = (
				1B3E9A1A4F3A932BCC6EBE46 /* [CP] Check Pods Manifest.lock */,
				673E969627151C5E00EB5504 /* Sources */,
				673E969727151C5E00EB5504 /* Frameworks */,
				673E969827151C5E00EB5504 /* Resources */,
				A2EA88F917C070FC9499F876 /* [CP] Embed Pods Frameworks */,
			);
			buildRules = (
			);
			dependencies = (
			);
			name = "Abiding Above";
			productName = "Abiding Above";
			productReference = 673E969A27151C5E00EB5504 /* Abiding Above.app */;
			productType = "com.apple.product-type.application";
		};
/* End PBXNativeTarget section */

/* Begin PBXProject section */
		673E969227151C5E00EB5504 /* Project object */ = {
			isa = PBXProject;
			attributes = {
				LastSwiftUpdateCheck = 1250;
				LastUpgradeCheck = 1250;
				TargetAttributes = {
					673E969927151C5E00EB5504 = {
						CreatedOnToolsVersion = 12.5;
						ProvisioningStyle = Automatic;
					};
				};
			};
			buildConfigurationList = 673E969527151C5E00EB5504 /* Build configuration list for PBXProject "Abiding Above" */;
			compatibilityVersion = "Xcode 8.0";
			developmentRegion = en;
			hasScannedForEncodings = 0;
			knownRegions = (
				en,
				Base,
			);
			mainGroup = 673E969127151C5E00EB5504;
			productRefGroup = 673E969B27151C5E00EB5504 /* Products */;
			projectDirPath = "";
			projectRoot = "";
			targets = (
				673E969927151C5E00EB5504 /* Abiding Above */,
			);
		};
/* End PBXProject section */

/* Begin PBXResourcesBuildPhase section */
		673E969827151C5E00EB5504 /* Resources */ = {
			isa = PBXResourcesBuildPhase;
			buildActionMask = 2147483647;
			files = (
				673E96AA27151C6000EB5504 /* LaunchScreen.storyboard in Resources */,
				673E96B227151D1800EB5504 /* GoogleService-Info.plist in Resources */,
				673E96A727151C6000EB5504 /* Assets.xcassets in Resources */,
				673E96A527151C5E00EB5504 /* Main.storyboard in Resources */,
				6756110827684B86004D3E66 /* Alert.storyboard in Resources */,
			);
			runOnlyForDeploymentPostprocessing = 0;
		};
/* End PBXResourcesBuildPhase section */

/* Begin PBXShellScriptBuildPhase section */
		1B3E9A1A4F3A932BCC6EBE46 /* [CP] Check Pods Manifest.lock */ = {
			isa = PBXShellScriptBuildPhase;
			buildActionMask = 2147483647;
			files = (
			);
			inputFileListPaths = (
			);
			inputPaths = (
				"${PODS_PODFILE_DIR_PATH}/Podfile.lock",
				"${PODS_ROOT}/Manifest.lock",
			);
			name = "[CP] Check Pods Manifest.lock";
			outputFileListPaths = (
			);
			outputPaths = (
				"$(DERIVED_FILE_DIR)/Pods-Abiding Above-checkManifestLockResult.txt",
			);
			runOnlyForDeploymentPostprocessing = 0;
			shellPath = /bin/sh;
			shellScript = "diff \"${PODS_PODFILE_DIR_PATH}/Podfile.lock\" \"${PODS_ROOT}/Manifest.lock\" > /dev/null\nif [ $? != 0 ] ; then\n    # print error to STDERR\n    echo \"error: The sandbox is not in sync with the Podfile.lock. Run 'pod install' or update your CocoaPods installation.\" >&2\n    exit 1\nfi\n# This output is used by Xcode 'outputs' to avoid re-running this script phase.\necho \"SUCCESS\" > \"${SCRIPT_OUTPUT_FILE_0}\"\n";
			showEnvVarsInLog = 0;
		};
		A2EA88F917C070FC9499F876 /* [CP] Embed Pods Frameworks */ = {
			isa = PBXShellScriptBuildPhase;
			buildActionMask = 2147483647;
			files = (
			);
			inputPaths = (
				"${PODS_ROOT}/Target Support Files/Pods-Abiding Above/Pods-Abiding Above-frameworks.sh",
				"${BUILT_PRODUCTS_DIR}/BoringSSL-GRPC/openssl_grpc.framework",
				"${BUILT_PRODUCTS_DIR}/FirebaseCore/FirebaseCore.framework",
				"${BUILT_PRODUCTS_DIR}/FirebaseCoreDiagnostics/FirebaseCoreDiagnostics.framework",
				"${BUILT_PRODUCTS_DIR}/FirebaseFirestore/FirebaseFirestore.framework",
				"${BUILT_PRODUCTS_DIR}/GoogleDataTransport/GoogleDataTransport.framework",
				"${BUILT_PRODUCTS_DIR}/GoogleUtilities/GoogleUtilities.framework",
				"${BUILT_PRODUCTS_DIR}/PromisesObjC/FBLPromises.framework",
				"${BUILT_PRODUCTS_DIR}/abseil/absl.framework",
				"${BUILT_PRODUCTS_DIR}/gRPC-C++/grpcpp.framework",
				"${BUILT_PRODUCTS_DIR}/gRPC-Core/grpc.framework",
				"${BUILT_PRODUCTS_DIR}/leveldb-library/leveldb.framework",
				"${BUILT_PRODUCTS_DIR}/nanopb/nanopb.framework",
			);
			name = "[CP] Embed Pods Frameworks";
			outputPaths = (
				"${TARGET_BUILD_DIR}/${FRAMEWORKS_FOLDER_PATH}/openssl_grpc.framework",
				"${TARGET_BUILD_DIR}/${FRAMEWORKS_FOLDER_PATH}/FirebaseCore.framework",
				"${TARGET_BUILD_DIR}/${FRAMEWORKS_FOLDER_PATH}/FirebaseCoreDiagnostics.framework",
				"${TARGET_BUILD_DIR}/${FRAMEWORKS_FOLDER_PATH}/FirebaseFirestore.framework",
				"${TARGET_BUILD_DIR}/${FRAMEWORKS_FOLDER_PATH}/GoogleDataTransport.framework",
				"${TARGET_BUILD_DIR}/${FRAMEWORKS_FOLDER_PATH}/GoogleUtilities.framework",
				"${TARGET_BUILD_DIR}/${FRAMEWORKS_FOLDER_PATH}/FBLPromises.framework",
				"${TARGET_BUILD_DIR}/${FRAMEWORKS_FOLDER_PATH}/absl.framework",
				"${TARGET_BUILD_DIR}/${FRAMEWORKS_FOLDER_PATH}/grpcpp.framework",
				"${TARGET_BUILD_DIR}/${FRAMEWORKS_FOLDER_PATH}/grpc.framework",
				"${TARGET_BUILD_DIR}/${FRAMEWORKS_FOLDER_PATH}/leveldb.framework",
				"${TARGET_BUILD_DIR}/${FRAMEWORKS_FOLDER_PATH}/nanopb.framework",
			);
			runOnlyForDeploymentPostprocessing = 0;
			shellPath = /bin/sh;
			shellScript = "\"${PODS_ROOT}/Target Support Files/Pods-Abiding Above/Pods-Abiding Above-frameworks.sh\"\n";
			showEnvVarsInLog = 0;
		};
/* End PBXShellScriptBuildPhase section */

/* Begin PBXSourcesBuildPhase section */
		673E969627151C5E00EB5504 /* Sources */ = {
			isa = PBXSourcesBuildPhase;
			buildActionMask = 2147483647;
			files = (
				67B34F6E286549F10002C16D /* CopyrightViewController.swift in Sources */,
				675B36282734C5C400F762B1 /* Bible.swift in Sources */,
				677669742720FEEB0078FA0D /* WebViewController.swift in Sources */,
				674E9EDB287D08A700E12CAD /* SearchTableViewController.swift in Sources */,
				6756110427682CAA004D3E66 /* Constants.swift in Sources */,
				6756110A27684CB5004D3E66 /* AlertViewController.swift in Sources */,
				677D6F91275D5F3F00445B5F /* VerseViewController.swift in Sources */,
				673E969E27151C5E00EB5504 /* AppDelegate.swift in Sources */,
				67B34F6C286548820002C16D /* NSAttributedStringExt.swift in Sources */,
				6776697A2720FF350078FA0D /* GiveViewController.swift in Sources */,
				678B7F1D27279A8200CEAD57 /* DevotionViewController.swift in Sources */,
				674E9ED9287CFB8200E12CAD /* SelectDevTableViewController.swift in Sources */,
				6750DD1C272A0559009A33B4 /* Devotions.swift in Sources */,
				675B36262734BA1900F762B1 /* BibleModel.swift in Sources */,
				674E9ED7287639B300E12CAD /* HomeTableViewController.swift in Sources */,
				674E9EDD287D0C3C00E12CAD /* SearchTableViewCell.swift in Sources */,
				673E96A027151C5E00EB5504 /* SceneDelegate.swift in Sources */,
				6732130227BF38A800C27997 /* SettingsTableViewController.swift in Sources */,
				67FFDF51276981D6000E3B60 /* AlertService.swift in Sources */,
				673496D82786838300E95FEF /* SensitiveInfo.swift in Sources */,
				673E5B6E272B4BCB00A4689E /* DevotionsModel.swift in Sources */,
			);
			runOnlyForDeploymentPostprocessing = 0;
		};
/* End PBXSourcesBuildPhase section */

/* Begin PBXVariantGroup section */
		673E96A327151C5E00EB5504 /* Main.storyboard */ = {
			isa = PBXVariantGroup;
			children = (
				673E96A427151C5E00EB5504 /* Base */,
			);
			name = Main.storyboard;
			sourceTree = "<group>";
		};
		673E96A827151C6000EB5504 /* LaunchScreen.storyboard */ = {
			isa = PBXVariantGroup;
			children = (
				673E96A927151C6000EB5504 /* Base */,
			);
			name = LaunchScreen.storyboard;
			sourceTree = "<group>";
		};
/* End PBXVariantGroup section */

/* Begin XCBuildConfiguration section */
		673E96AC27151C6000EB5504 /* Debug */ = {
			isa = XCBuildConfiguration;
			buildSettings = {
				ALWAYS_SEARCH_USER_PATHS = NO;
				CLANG_ANALYZER_NONNULL = YES;
				CLANG_ANALYZER_NUMBER_OBJECT_CONVERSION = YES_AGGRESSIVE;
				CLANG_CXX_LANGUAGE_STANDARD = "gnu++14";
				CLANG_CXX_LIBRARY = "libc++";
				CLANG_ENABLE_MODULES = YES;
				CLANG_ENABLE_OBJC_ARC = YES;
				CLANG_ENABLE_OBJC_WEAK = YES;
				CLANG_WARN_BLOCK_CAPTURE_AUTORELEASING = YES;
				CLANG_WARN_BOOL_CONVERSION = YES;
				CLANG_WARN_COMMA = YES;
				CLANG_WARN_CONSTANT_CONVERSION = YES;
				CLANG_WARN_DEPRECATED_OBJC_IMPLEMENTATIONS = YES;
				CLANG_WARN_DIRECT_OBJC_ISA_USAGE = YES_ERROR;
				CLANG_WARN_DOCUMENTATION_COMMENTS = YES;
				CLANG_WARN_EMPTY_BODY = YES;
				CLANG_WARN_ENUM_CONVERSION = YES;
				CLANG_WARN_INFINITE_RECURSION = YES;
				CLANG_WARN_INT_CONVERSION = YES;
				CLANG_WARN_NON_LITERAL_NULL_CONVERSION = YES;
				CLANG_WARN_OBJC_IMPLICIT_RETAIN_SELF = YES;
				CLANG_WARN_OBJC_LITERAL_CONVERSION = YES;
				CLANG_WARN_OBJC_ROOT_CLASS = YES_ERROR;
				CLANG_WARN_QUOTED_INCLUDE_IN_FRAMEWORK_HEADER = YES;
				CLANG_WARN_RANGE_LOOP_ANALYSIS = YES;
				CLANG_WARN_STRICT_PROTOTYPES = YES;
				CLANG_WARN_SUSPICIOUS_MOVE = YES;
				CLANG_WARN_UNGUARDED_AVAILABILITY = YES_AGGRESSIVE;
				CLANG_WARN_UNREACHABLE_CODE = YES;
				CLANG_WARN__DUPLICATE_METHOD_MATCH = YES;
				COPY_PHASE_STRIP = NO;
				DEBUG_INFORMATION_FORMAT = dwarf;
				ENABLE_STRICT_OBJC_MSGSEND = YES;
				ENABLE_TESTABILITY = YES;
				GCC_C_LANGUAGE_STANDARD = gnu11;
				GCC_DYNAMIC_NO_PIC = NO;
				GCC_NO_COMMON_BLOCKS = YES;
				GCC_OPTIMIZATION_LEVEL = 0;
				GCC_PREPROCESSOR_DEFINITIONS = (
					"DEBUG=1",
					"$(inherited)",
				);
				GCC_WARN_64_TO_32_BIT_CONVERSION = YES;
				GCC_WARN_ABOUT_RETURN_TYPE = YES_ERROR;
				GCC_WARN_UNDECLARED_SELECTOR = YES;
				GCC_WARN_UNINITIALIZED_AUTOS = YES_AGGRESSIVE;
				GCC_WARN_UNUSED_FUNCTION = YES;
				GCC_WARN_UNUSED_VARIABLE = YES;
				IPHONEOS_DEPLOYMENT_TARGET = 14.5;
				MTL_ENABLE_DEBUG_INFO = INCLUDE_SOURCE;
				MTL_FAST_MATH = YES;
				ONLY_ACTIVE_ARCH = YES;
				SDKROOT = iphoneos;
				SWIFT_ACTIVE_COMPILATION_CONDITIONS = DEBUG;
				SWIFT_OPTIMIZATION_LEVEL = "-Onone";
			};
			name = Debug;
		};
		673E96AD27151C6000EB5504 /* Release */ = {
			isa = XCBuildConfiguration;
			buildSettings = {
				ALWAYS_SEARCH_USER_PATHS = NO;
				CLANG_ANALYZER_NONNULL = YES;
				CLANG_ANALYZER_NUMBER_OBJECT_CONVERSION = YES_AGGRESSIVE;
				CLANG_CXX_LANGUAGE_STANDARD = "gnu++14";
				CLANG_CXX_LIBRARY = "libc++";
				CLANG_ENABLE_MODULES = YES;
				CLANG_ENABLE_OBJC_ARC = YES;
				CLANG_ENABLE_OBJC_WEAK = YES;
				CLANG_WARN_BLOCK_CAPTURE_AUTORELEASING = YES;
				CLANG_WARN_BOOL_CONVERSION = YES;
				CLANG_WARN_COMMA = YES;
				CLANG_WARN_CONSTANT_CONVERSION = YES;
				CLANG_WARN_DEPRECATED_OBJC_IMPLEMENTATIONS = YES;
				CLANG_WARN_DIRECT_OBJC_ISA_USAGE = YES_ERROR;
				CLANG_WARN_DOCUMENTATION_COMMENTS = YES;
				CLANG_WARN_EMPTY_BODY = YES;
				CLANG_WARN_ENUM_CONVERSION = YES;
				CLANG_WARN_INFINITE_RECURSION = YES;
				CLANG_WARN_INT_CONVERSION = YES;
				CLANG_WARN_NON_LITERAL_NULL_CONVERSION = YES;
				CLANG_WARN_OBJC_IMPLICIT_RETAIN_SELF = YES;
				CLANG_WARN_OBJC_LITERAL_CONVERSION = YES;
				CLANG_WARN_OBJC_ROOT_CLASS = YES_ERROR;
				CLANG_WARN_QUOTED_INCLUDE_IN_FRAMEWORK_HEADER = YES;
				CLANG_WARN_RANGE_LOOP_ANALYSIS = YES;
				CLANG_WARN_STRICT_PROTOTYPES = YES;
				CLANG_WARN_SUSPICIOUS_MOVE = YES;
				CLANG_WARN_UNGUARDED_AVAILABILITY = YES_AGGRESSIVE;
				CLANG_WARN_UNREACHABLE_CODE = YES;
				CLANG_WARN__DUPLICATE_METHOD_MATCH = YES;
				COPY_PHASE_STRIP = NO;
				DEBUG_INFORMATION_FORMAT = "dwarf-with-dsym";
				ENABLE_NS_ASSERTIONS = NO;
				ENABLE_STRICT_OBJC_MSGSEND = YES;
				GCC_C_LANGUAGE_STANDARD = gnu11;
				GCC_NO_COMMON_BLOCKS = YES;
				GCC_WARN_64_TO_32_BIT_CONVERSION = YES;
				GCC_WARN_ABOUT_RETURN_TYPE = YES_ERROR;
				GCC_WARN_UNDECLARED_SELECTOR = YES;
				GCC_WARN_UNINITIALIZED_AUTOS = YES_AGGRESSIVE;
				GCC_WARN_UNUSED_FUNCTION = YES;
				GCC_WARN_UNUSED_VARIABLE = YES;
				IPHONEOS_DEPLOYMENT_TARGET = 14.5;
				MTL_ENABLE_DEBUG_INFO = NO;
				MTL_FAST_MATH = YES;
				SDKROOT = iphoneos;
				SWIFT_OPTIMIZATION_LEVEL = "-Owholemodule";
				VALIDATE_PRODUCT = YES;
			};
			name = Release;
		};
		673E96AF27151C6000EB5504 /* Debug */ = {
			isa = XCBuildConfiguration;
			baseConfigurationReference = FA2D8A799780C3A3F108802C /* Pods-Abiding Above.debug.xcconfig */;
			buildSettings = {
				ASSETCATALOG_COMPILER_APPICON_NAME = AppIcon;
				ASSETCATALOG_COMPILER_GLOBAL_ACCENT_COLOR_NAME = AccentColor;
				CODE_SIGN_STYLE = Automatic;
				CURRENT_PROJECT_VERSION = 1;
				DEVELOPMENT_TEAM = S9BYCV72B7;
				INFOPLIST_FILE = "Abiding Above/Info.plist";
				LD_RUNPATH_SEARCH_PATHS = "$(inherited) @executable_path/Frameworks";
				MARKETING_VERSION = 0.1.1;
				PRODUCT_BUNDLE_IDENTIFIER = "AbidingAbove.Abiding-Above";
				PRODUCT_NAME = "$(TARGET_NAME)";
				SWIFT_VERSION = 5.0;
				TARGETED_DEVICE_FAMILY = "1,2";
			};
			name = Debug;
		};
		673E96B027151C6000EB5504 /* Release */ = {
			isa = XCBuildConfiguration;
			baseConfigurationReference = 0F5A1684CB40B24F0ACC78A5 /* Pods-Abiding Above.release.xcconfig */;
			buildSettings = {
				ASSETCATALOG_COMPILER_APPICON_NAME = AppIcon;
				ASSETCATALOG_COMPILER_GLOBAL_ACCENT_COLOR_NAME = AccentColor;
				CODE_SIGN_STYLE = Automatic;
				CURRENT_PROJECT_VERSION = 1;
				DEVELOPMENT_TEAM = S9BYCV72B7;
				INFOPLIST_FILE = "Abiding Above/Info.plist";
				LD_RUNPATH_SEARCH_PATHS = "$(inherited) @executable_path/Frameworks";
				MARKETING_VERSION = 0.1.1;
				PRODUCT_BUNDLE_IDENTIFIER = "AbidingAbove.Abiding-Above";
				PRODUCT_NAME = "$(TARGET_NAME)";
				SWIFT_VERSION = 5.0;
				TARGETED_DEVICE_FAMILY = "1,2";
			};
			name = Release;
		};
/* End XCBuildConfiguration section */

/* Begin XCConfigurationList section */
		673E969527151C5E00EB5504 /* Build configuration list for PBXProject "Abiding Above" */ = {
			isa = XCConfigurationList;
			buildConfigurations = (
				673E96AC27151C6000EB5504 /* Debug */,
				673E96AD27151C6000EB5504 /* Release */,
			);
			defaultConfigurationIsVisible = 0;
			defaultConfigurationName = Release;
		};
		673E96AE27151C6000EB5504 /* Build configuration list for PBXNativeTarget "Abiding Above" */ = {
			isa = XCConfigurationList;
			buildConfigurations = (
				673E96AF27151C6000EB5504 /* Debug */,
				673E96B027151C6000EB5504 /* Release */,
			);
			defaultConfigurationIsVisible = 0;
			defaultConfigurationName = Release;
		};
/* End XCConfigurationList section */
	};
	rootObject = 673E969227151C5E00EB5504 /* Project object */;
}
